
Microsoft Visual Studio Solution File, Format Version 12.00
# Visual Studio Version 16
VisualStudioVersion = 16.0.30011.22
MinimumVisualStudioVersion = 10.0.40219.1
Project("{FAE04EC0-301F-11D3-BF4B-00C04F79EFBC}") = "IntroductionToAlgorithms", "IntroductionToAlgorithms\IntroductionToAlgorithms.csproj", "{B770197D-73BE-43B0-958D-914A27103DF2}"
EndProject
Global
	GlobalSection(SolutionConfigurationPlatforms) = preSolution
		Debug|Any CPU = Debug|Any CPU
		Release|Any CPU = Release|Any CPU
	EndGlobalSection
	GlobalSection(ProjectConfigurationPlatforms) = postSolution
		{B770197D-73BE-43B0-958D-914A27103DF2}.Debug|Any CPU.ActiveCfg = Debug|Any CPU
		{B770197D-73BE-43B0-958D-914A27103DF2}.Debug|Any CPU.Build.0 = Debug|Any CPU
		{B770197D-73BE-43B0-958D-914A27103DF2}.Release|Any CPU.ActiveCfg = Release|Any CPU
		{B770197D-73BE-43B0-958D-914A27103DF2}.Release|Any CPU.Build.0 = Release|Any CPU
	EndGlobalSection
	GlobalSection(SolutionProperties) = preSolution
		HideSolutionNode = FALSE
	EndGlobalSection
	GlobalSection(ExtensibilityGlobals) = postSolution
		SolutionGuid = {95FC8703-9111-43D9-9D6F-EBB5C9F409D4}
	EndGlobalSection
EndGlobal
